
Microsoft Visual Studio Solution File, Format Version 12.00
# Visual Studio Version 17
VisualStudioVersion = 17.5.33424.131
MinimumVisualStudioVersion = 10.0.40219.1
Project("{9A19103F-16F7-4668-BE54-9A1E7A4F7556}") = "AccomodationModel", "AccomodationModel\AccomodationModel.csproj", "{16B42C4D-C46D-4086-8EF1-1E627BDD0685}"
EndProject
Project("{FAE04EC0-301F-11D3-BF4B-00C04F79EFBC}") = "AccomodationWebAPI", "AccomodationWebAPI\AccomodationWebAPI.csproj", "{EEB350FC-0693-4279-887D-66709FA34B57}"
EndProject
Global
	GlobalSection(SolutionConfigurationPlatforms) = preSolution
		Debug|Any CPU = Debug|Any CPU
		Release|Any CPU = Release|Any CPU
	EndGlobalSection
	GlobalSection(ProjectConfigurationPlatforms) = postSolution
		{16B42C4D-C46D-4086-8EF1-1E627BDD0685}.Debug|Any CPU.ActiveCfg = Debug|Any CPU
		{16B42C4D-C46D-4086-8EF1-1E627BDD0685}.Debug|Any CPU.Build.0 = Debug|Any CPU
		{16B42C4D-C46D-4086-8EF1-1E627BDD0685}.Release|Any CPU.ActiveCfg = Release|Any CPU
		{16B42C4D-C46D-4086-8EF1-1E627BDD0685}.Release|Any CPU.Build.0 = Release|Any CPU
		{EEB350FC-0693-4279-887D-66709FA34B57}.Debug|Any CPU.ActiveCfg = Debug|Any CPU
		{EEB350FC-0693-4279-887D-66709FA34B57}.Debug|Any CPU.Build.0 = Debug|Any CPU
		{EEB350FC-0693-4279-887D-66709FA34B57}.Release|Any CPU.ActiveCfg = Release|Any CPU
		{EEB350FC-0693-4279-887D-66709FA34B57}.Release|Any CPU.Build.0 = Release|Any CPU
	EndGlobalSection
	GlobalSection(SolutionProperties) = preSolution
		HideSolutionNode = FALSE
	EndGlobalSection
	GlobalSection(ExtensibilityGlobals) = postSolution
		SolutionGuid = {EFB8AB36-FACD-46E6-BF43-FB68B8C45138}
	EndGlobalSection
EndGlobal
